
Microsoft Visual Studio Solution File, Format Version 12.00
# Visual Studio Version 17
VisualStudioVersion = 17.6.33829.357
MinimumVisualStudioVersion = 10.0.40219.1
Project("{FAE04EC0-301F-11D3-BF4B-00C04F79EFBC}") = "AutoFlats", "AutoFlats.csproj", "{1B228196-9FE6-47F9-9F16-7B38B90B1BAD}"
EndProject
Global
	GlobalSection(SolutionConfigurationPlatforms) = preSolution
		Debug|Any CPU = Debug|Any CPU
		Release|Any CPU = Release|Any CPU
	EndGlobalSection
	GlobalSection(ProjectConfigurationPlatforms) = postSolution
		{1B228196-9FE6-47F9-9F16-7B38B90B1BAD}.Debug|Any CPU.ActiveCfg = Debug|Any CPU
		{1B228196-9FE6-47F9-9F16-7B38B90B1BAD}.Debug|Any CPU.Build.0 = Debug|Any CPU
		{1B228196-9FE6-47F9-9F16-7B38B90B1BAD}.Release|Any CPU.ActiveCfg = Release|Any CPU
		{1B228196-9FE6-47F9-9F16-7B38B90B1BAD}.Release|Any CPU.Build.0 = Release|Any CPU
	EndGlobalSection
	GlobalSection(SolutionProperties) = preSolution
		HideSolutionNode = FALSE
	EndGlobalSection
	GlobalSection(ExtensibilityGlobals) = postSolution
		SolutionGuid = {C807E4A3-E099-420B-8852-DC1C377492C4}
	EndGlobalSection
EndGlobal
